// !$*UTF8*$!
{
	archiveVersion = 1;
	classes = {
	};
	objectVersion = 46;
	objects = {

/* Begin PBXBuildFile section */
		000F74861D27734300AF5754 /* AlertManager.swift in Sources */ = {isa = PBXBuildFile; fileRef = 000F74851D27734300AF5754 /* AlertManager.swift */; };
		000F74881D2775FE00AF5754 /* TutorialView.swift in Sources */ = {isa = PBXBuildFile; fileRef = 000F74871D2775FE00AF5754 /* TutorialView.swift */; };
		000F748A1D27761E00AF5754 /* TutorialView.xib in Resources */ = {isa = PBXBuildFile; fileRef = 000F74891D27761E00AF5754 /* TutorialView.xib */; };
		000F748C1D279A5B00AF5754 /* SearchResultViewController.swift in Sources */ = {isa = PBXBuildFile; fileRef = 000F748B1D279A5B00AF5754 /* SearchResultViewController.swift */; };
		000F748E1D279AE200AF5754 /* InboxListItem.swift in Sources */ = {isa = PBXBuildFile; fileRef = 000F748D1D279AE200AF5754 /* InboxListItem.swift */; };
		95D2ECCE1D263C6A006D148C /* Alamofire.framework in Frameworks */ = {isa = PBXBuildFile; fileRef = 95D2ECC11D263C61006D148C /* Alamofire.framework */; };
		95D2ECCF1D263C6A006D148C /* Alamofire.framework in Embed Frameworks */ = {isa = PBXBuildFile; fileRef = 95D2ECC11D263C61006D148C /* Alamofire.framework */; settings = {ATTRIBUTES = (CodeSignOnCopy, RemoveHeadersOnCopy, ); }; };
		95D2ECD51D263FA5006D148C /* Email.swift in Sources */ = {isa = PBXBuildFile; fileRef = 95D2ECD41D263FA5006D148C /* Email.swift */; };
		95E675271D23DC490035EB17 /* AppDelegate.swift in Sources */ = {isa = PBXBuildFile; fileRef = 95E675261D23DC490035EB17 /* AppDelegate.swift */; };
		95E675291D23DC490035EB17 /* InboxListViewController.swift in Sources */ = {isa = PBXBuildFile; fileRef = 95E675281D23DC490035EB17 /* InboxListViewController.swift */; };
		95E6752C1D23DC490035EB17 /* Main.storyboard in Resources */ = {isa = PBXBuildFile; fileRef = 95E6752A1D23DC490035EB17 /* Main.storyboard */; };
		95E6752E1D23DC490035EB17 /* Assets.xcassets in Resources */ = {isa = PBXBuildFile; fileRef = 95E6752D1D23DC490035EB17 /* Assets.xcassets */; };
		95E675311D23DC490035EB17 /* LaunchScreen.storyboard in Resources */ = {isa = PBXBuildFile; fileRef = 95E6752F1D23DC490035EB17 /* LaunchScreen.storyboard */; };
		95E6753C1D23DC490035EB17 /* iMail_CloudmagicTaskTests.swift in Sources */ = {isa = PBXBuildFile; fileRef = 95E6753B1D23DC490035EB17 /* iMail_CloudmagicTaskTests.swift */; };
		95E675471D23DC490035EB17 /* iMail_CloudmagicTaskUITests.swift in Sources */ = {isa = PBXBuildFile; fileRef = 95E675461D23DC490035EB17 /* iMail_CloudmagicTaskUITests.swift */; };
		95E675581D23E0D50035EB17 /* MailContentViewController.swift in Sources */ = {isa = PBXBuildFile; fileRef = 95E675571D23E0D50035EB17 /* MailContentViewController.swift */; };
		95E6755B1D23E1540035EB17 /* Constants.swift in Sources */ = {isa = PBXBuildFile; fileRef = 95E6755A1D23E1540035EB17 /* Constants.swift */; };
		95F6B9A71D24FECB003B609D /* APIManager.swift in Sources */ = {isa = PBXBuildFile; fileRef = 95F6B9A61D24FECB003B609D /* APIManager.swift */; };
		95F6B9A91D2515FF003B609D /* LoadingScreen.swift in Sources */ = {isa = PBXBuildFile; fileRef = 95F6B9A81D2515FF003B609D /* LoadingScreen.swift */; };
		95F6B9AB1D25161E003B609D /* LoadingScreen.xib in Resources */ = {isa = PBXBuildFile; fileRef = 95F6B9AA1D25161E003B609D /* LoadingScreen.xib */; };
		FAD5C80D1D2612DE0027F70D /* FirstRowViewForMailContent.xib in Resources */ = {isa = PBXBuildFile; fileRef = FAD5C80C1D2612DE0027F70D /* FirstRowViewForMailContent.xib */; };
		FAD5C80F1D2612F10027F70D /* FirstRowViewForMailContent.swift in Sources */ = {isa = PBXBuildFile; fileRef = FAD5C80E1D2612F10027F70D /* FirstRowViewForMailContent.swift */; };
		FAD5C8111D2616BA0027F70D /* SecondRowForMailContent.swift in Sources */ = {isa = PBXBuildFile; fileRef = FAD5C8101D2616BA0027F70D /* SecondRowForMailContent.swift */; };
		FAD5C8131D2616D90027F70D /* SecondRowForMailContent.xib in Resources */ = {isa = PBXBuildFile; fileRef = FAD5C8121D2616D90027F70D /* SecondRowForMailContent.xib */; };
/* End PBXBuildFile section */

/* Begin PBXContainerItemProxy section */
		95D2ECC01D263C61006D148C /* PBXContainerItemProxy */ = {
			isa = PBXContainerItemProxy;
			containerPortal = 95D2ECB61D263C61006D148C /* Alamofire.xcodeproj */;
			proxyType = 2;
			remoteGlobalIDString = F8111E3319A95C8B0040E7D1;
			remoteInfo = "Alamofire iOS";
		};
		95D2ECC21D263C61006D148C /* PBXContainerItemProxy */ = {
			isa = PBXContainerItemProxy;
			containerPortal = 95D2ECB61D263C61006D148C /* Alamofire.xcodeproj */;
			proxyType = 2;
			remoteGlobalIDString = F8111E3E19A95C8B0040E7D1;
			remoteInfo = "Alamofire iOS Tests";
		};
		95D2ECC41D263C61006D148C /* PBXContainerItemProxy */ = {
			isa = PBXContainerItemProxy;
			containerPortal = 95D2ECB61D263C61006D148C /* Alamofire.xcodeproj */;
			proxyType = 2;
			remoteGlobalIDString = 4DD67C0B1A5C55C900ED2280;
			remoteInfo = "Alamofire OSX";
		};
		95D2ECC61D263C61006D148C /* PBXContainerItemProxy */ = {
			isa = PBXContainerItemProxy;
			containerPortal = 95D2ECB61D263C61006D148C /* Alamofire.xcodeproj */;
			proxyType = 2;
			remoteGlobalIDString = F829C6B21A7A94F100A2CD59;
			remoteInfo = "Alamofire OSX Tests";
		};
		95D2ECC81D263C61006D148C /* PBXContainerItemProxy */ = {
			isa = PBXContainerItemProxy;
			containerPortal = 95D2ECB61D263C61006D148C /* Alamofire.xcodeproj */;
			proxyType = 2;
			remoteGlobalIDString = 4CF626EF1BA7CB3E0011A099;
			remoteInfo = "Alamofire tvOS";
		};
		95D2ECCA1D263C61006D148C /* PBXContainerItemProxy */ = {
			isa = PBXContainerItemProxy;
			containerPortal = 95D2ECB61D263C61006D148C /* Alamofire.xcodeproj */;
			proxyType = 2;
			remoteGlobalIDString = 4CF626F81BA7CB3E0011A099;
			remoteInfo = "Alamofire tvOS Tests";
		};
		95D2ECCC1D263C61006D148C /* PBXContainerItemProxy */ = {
			isa = PBXContainerItemProxy;
			containerPortal = 95D2ECB61D263C61006D148C /* Alamofire.xcodeproj */;
			proxyType = 2;
			remoteGlobalIDString = E4202FE01B667AA100C997FB;
			remoteInfo = "Alamofire watchOS";
		};
		95D2ECD01D263C6A006D148C /* PBXContainerItemProxy */ = {
			isa = PBXContainerItemProxy;
			containerPortal = 95D2ECB61D263C61006D148C /* Alamofire.xcodeproj */;
			proxyType = 1;
			remoteGlobalIDString = F8111E3219A95C8B0040E7D1;
			remoteInfo = "Alamofire iOS";
		};
		95E675381D23DC490035EB17 /* PBXContainerItemProxy */ = {
			isa = PBXContainerItemProxy;
			containerPortal = 95E6751B1D23DC490035EB17 /* Project object */;
			proxyType = 1;
			remoteGlobalIDString = 95E675221D23DC490035EB17;
			remoteInfo = iMail_CloudmagicTask;
		};
		95E675431D23DC490035EB17 /* PBXContainerItemProxy */ = {
			isa = PBXContainerItemProxy;
			containerPortal = 95E6751B1D23DC490035EB17 /* Project object */;
			proxyType = 1;
			remoteGlobalIDString = 95E675221D23DC490035EB17;
			remoteInfo = iMail_CloudmagicTask;
		};
/* End PBXContainerItemProxy section */

/* Begin PBXCopyFilesBuildPhase section */
		95D2ECD21D263C6A006D148C /* Embed Frameworks */ = {
			isa = PBXCopyFilesBuildPhase;
			buildActionMask = 2147483647;
			dstPath = "";
			dstSubfolderSpec = 10;
			files = (
				95D2ECCF1D263C6A006D148C /* Alamofire.framework in Embed Frameworks */,
			);
			name = "Embed Frameworks";
			runOnlyForDeploymentPostprocessing = 0;
		};
/* End PBXCopyFilesBuildPhase section */

/* Begin PBXFileReference section */
		000F74851D27734300AF5754 /* AlertManager.swift */ = {isa = PBXFileReference; fileEncoding = 4; lastKnownFileType = sourcecode.swift; path = AlertManager.swift; sourceTree = "<group>"; };
		000F74871D2775FE00AF5754 /* TutorialView.swift */ = {isa = PBXFileReference; fileEncoding = 4; lastKnownFileType = sourcecode.swift; path = TutorialView.swift; sourceTree = "<group>"; };
		000F74891D27761E00AF5754 /* TutorialView.xib */ = {isa = PBXFileReference; fileEncoding = 4; lastKnownFileType = file.xib; path = TutorialView.xib; sourceTree = "<group>"; };
		000F748B1D279A5B00AF5754 /* SearchResultViewController.swift */ = {isa = PBXFileReference; fileEncoding = 4; lastKnownFileType = sourcecode.swift; name = SearchResultViewController.swift; path = Views/SearchResultViewController.swift; sourceTree = "<group>"; };
		000F748D1D279AE200AF5754 /* InboxListItem.swift */ = {isa = PBXFileReference; fileEncoding = 4; lastKnownFileType = sourcecode.swift; path = InboxListItem.swift; sourceTree = "<group>"; };
		95D2ECB61D263C61006D148C /* Alamofire.xcodeproj */ = {isa = PBXFileReference; lastKnownFileType = "wrapper.pb-project"; name = Alamofire.xcodeproj; path = Alamofire/Alamofire.xcodeproj; sourceTree = "<group>"; };
		95D2ECD41D263FA5006D148C /* Email.swift */ = {isa = PBXFileReference; fileEncoding = 4; lastKnownFileType = sourcecode.swift; path = Email.swift; sourceTree = "<group>"; };
		95E675231D23DC490035EB17 /* iMail.app */ = {isa = PBXFileReference; explicitFileType = wrapper.application; includeInIndex = 0; path = iMail.app; sourceTree = BUILT_PRODUCTS_DIR; };
		95E675261D23DC490035EB17 /* AppDelegate.swift */ = {isa = PBXFileReference; lastKnownFileType = sourcecode.swift; path = AppDelegate.swift; sourceTree = "<group>"; };
		95E675281D23DC490035EB17 /* InboxListViewController.swift */ = {isa = PBXFileReference; lastKnownFileType = sourcecode.swift; path = InboxListViewController.swift; sourceTree = "<group>"; };
		95E6752B1D23DC490035EB17 /* Base */ = {isa = PBXFileReference; lastKnownFileType = file.storyboard; name = Base; path = Base.lproj/Main.storyboard; sourceTree = "<group>"; };
		95E6752D1D23DC490035EB17 /* Assets.xcassets */ = {isa = PBXFileReference; lastKnownFileType = folder.assetcatalog; path = Assets.xcassets; sourceTree = "<group>"; };
		95E675301D23DC490035EB17 /* Base */ = {isa = PBXFileReference; lastKnownFileType = file.storyboard; name = Base; path = Base.lproj/LaunchScreen.storyboard; sourceTree = "<group>"; };
		95E675321D23DC490035EB17 /* Info.plist */ = {isa = PBXFileReference; lastKnownFileType = text.plist.xml; path = Info.plist; sourceTree = "<group>"; };
		95E675371D23DC490035EB17 /* iMail.xctest */ = {isa = PBXFileReference; explicitFileType = wrapper.cfbundle; includeInIndex = 0; path = iMail.xctest; sourceTree = BUILT_PRODUCTS_DIR; };
		95E6753B1D23DC490035EB17 /* iMail_CloudmagicTaskTests.swift */ = {isa = PBXFileReference; lastKnownFileType = sourcecode.swift; path = iMail_CloudmagicTaskTests.swift; sourceTree = "<group>"; };
		95E6753D1D23DC490035EB17 /* Info.plist */ = {isa = PBXFileReference; lastKnownFileType = text.plist.xml; path = Info.plist; sourceTree = "<group>"; };
		95E675421D23DC490035EB17 /* iMail.xctest */ = {isa = PBXFileReference; explicitFileType = wrapper.cfbundle; includeInIndex = 0; path = iMail.xctest; sourceTree = BUILT_PRODUCTS_DIR; };
		95E675461D23DC490035EB17 /* iMail_CloudmagicTaskUITests.swift */ = {isa = PBXFileReference; lastKnownFileType = sourcecode.swift; path = iMail_CloudmagicTaskUITests.swift; sourceTree = "<group>"; };
		95E675481D23DC490035EB17 /* Info.plist */ = {isa = PBXFileReference; lastKnownFileType = text.plist.xml; path = Info.plist; sourceTree = "<group>"; };
		95E675571D23E0D50035EB17 /* MailContentViewController.swift */ = {isa = PBXFileReference; fileEncoding = 4; lastKnownFileType = sourcecode.swift; path = MailContentViewController.swift; sourceTree = "<group>"; };
		95E6755A1D23E1540035EB17 /* Constants.swift */ = {isa = PBXFileReference; fileEncoding = 4; lastKnownFileType = sourcecode.swift; path = Constants.swift; sourceTree = "<group>"; };
		95F6B9A61D24FECB003B609D /* APIManager.swift */ = {isa = PBXFileReference; fileEncoding = 4; lastKnownFileType = sourcecode.swift; path = APIManager.swift; sourceTree = "<group>"; };
		95F6B9A81D2515FF003B609D /* LoadingScreen.swift */ = {isa = PBXFileReference; fileEncoding = 4; lastKnownFileType = sourcecode.swift; path = LoadingScreen.swift; sourceTree = "<group>"; };
		95F6B9AA1D25161E003B609D /* LoadingScreen.xib */ = {isa = PBXFileReference; fileEncoding = 4; lastKnownFileType = file.xib; path = LoadingScreen.xib; sourceTree = "<group>"; };
		FAD5C80C1D2612DE0027F70D /* FirstRowViewForMailContent.xib */ = {isa = PBXFileReference; fileEncoding = 4; lastKnownFileType = file.xib; path = FirstRowViewForMailContent.xib; sourceTree = "<group>"; };
		FAD5C80E1D2612F10027F70D /* FirstRowViewForMailContent.swift */ = {isa = PBXFileReference; fileEncoding = 4; lastKnownFileType = sourcecode.swift; path = FirstRowViewForMailContent.swift; sourceTree = "<group>"; };
		FAD5C8101D2616BA0027F70D /* SecondRowForMailContent.swift */ = {isa = PBXFileReference; fileEncoding = 4; lastKnownFileType = sourcecode.swift; path = SecondRowForMailContent.swift; sourceTree = "<group>"; };
		FAD5C8121D2616D90027F70D /* SecondRowForMailContent.xib */ = {isa = PBXFileReference; fileEncoding = 4; lastKnownFileType = file.xib; path = SecondRowForMailContent.xib; sourceTree = "<group>"; };
/* End PBXFileReference section */

/* Begin PBXFrameworksBuildPhase section */
		95E675201D23DC490035EB17 /* Frameworks */ = {
			isa = PBXFrameworksBuildPhase;
			buildActionMask = 2147483647;
			files = (
				95D2ECCE1D263C6A006D148C /* Alamofire.framework in Frameworks */,
			);
			runOnlyForDeploymentPostprocessing = 0;
		};
		95E675341D23DC490035EB17 /* Frameworks */ = {
			isa = PBXFrameworksBuildPhase;
			buildActionMask = 2147483647;
			files = (
			);
			runOnlyForDeploymentPostprocessing = 0;
		};
		95E6753F1D23DC490035EB17 /* Frameworks */ = {
			isa = PBXFrameworksBuildPhase;
			buildActionMask = 2147483647;
			files = (
			);
			runOnlyForDeploymentPostprocessing = 0;
		};
/* End PBXFrameworksBuildPhase section */

/* Begin PBXGroup section */
		95D2ECB71D263C61006D148C /* Products */ = {
			isa = PBXGroup;
			children = (
				95D2ECC11D263C61006D148C /* Alamofire.framework */,
				95D2ECC31D263C61006D148C /* Alamofire iOS Tests.xctest */,
				95D2ECC51D263C61006D148C /* Alamofire.framework */,
				95D2ECC71D263C61006D148C /* Alamofire OSX Tests.xctest */,
				95D2ECC91D263C61006D148C /* Alamofire.framework */,
				95D2ECCB1D263C61006D148C /* Alamofire tvOS Tests.xctest */,
				95D2ECCD1D263C61006D148C /* Alamofire.framework */,
			);
			name = Products;
			sourceTree = "<group>";
		};
		95E6751A1D23DC490035EB17 = {
			isa = PBXGroup;
			children = (
				95E675251D23DC490035EB17 /* iMail_CloudmagicTask */,
				95E6753A1D23DC490035EB17 /* iMail_CloudmagicTaskTests */,
				95E675451D23DC490035EB17 /* iMail_CloudmagicTaskUITests */,
				95E675241D23DC490035EB17 /* Products */,
			);
			sourceTree = "<group>";
		};
		95E675241D23DC490035EB17 /* Products */ = {
			isa = PBXGroup;
			children = (
				95E675231D23DC490035EB17 /* iMail.app */,
				95E675371D23DC490035EB17 /* iMail.xctest */,
				95E675421D23DC490035EB17 /* iMail.xctest */,
			);
			name = Products;
			sourceTree = "<group>";
		};
		95E675251D23DC490035EB17 /* iMail_CloudmagicTask */ = {
			isa = PBXGroup;
			children = (
				95D2ECB61D263C61006D148C /* Alamofire.xcodeproj */,
				95F6B9A51D24FEB6003B609D /* Managers */,
				95E675591D23E14D0035EB17 /* Models */,
				95E675561D23E07B0035EB17 /* Views */,
				95E675261D23DC490035EB17 /* AppDelegate.swift */,
				000F748B1D279A5B00AF5754 /* SearchResultViewController.swift */,
				95E675571D23E0D50035EB17 /* MailContentViewController.swift */,
				95E675281D23DC490035EB17 /* InboxListViewController.swift */,
				95E6752D1D23DC490035EB17 /* Assets.xcassets */,
				95E675321D23DC490035EB17 /* Info.plist */,
			);
			path = iMail_CloudmagicTask;
			sourceTree = "<group>";
		};
		95E6753A1D23DC490035EB17 /* iMail_CloudmagicTaskTests */ = {
			isa = PBXGroup;
			children = (
				95E6753B1D23DC490035EB17 /* iMail_CloudmagicTaskTests.swift */,
				95E6753D1D23DC490035EB17 /* Info.plist */,
			);
			path = iMail_CloudmagicTaskTests;
			sourceTree = "<group>";
		};
		95E675451D23DC490035EB17 /* iMail_CloudmagicTaskUITests */ = {
			isa = PBXGroup;
			children = (
				95E675461D23DC490035EB17 /* iMail_CloudmagicTaskUITests.swift */,
				95E675481D23DC490035EB17 /* Info.plist */,
			);
			path = iMail_CloudmagicTaskUITests;
			sourceTree = "<group>";
		};
		95E675561D23E07B0035EB17 /* Views */ = {
			isa = PBXGroup;
			children = (
				95E6752A1D23DC490035EB17 /* Main.storyboard */,
				95E6752F1D23DC490035EB17 /* LaunchScreen.storyboard */,
				95F6B9A81D2515FF003B609D /* LoadingScreen.swift */,
				95F6B9AA1D25161E003B609D /* LoadingScreen.xib */,
				FAD5C80C1D2612DE0027F70D /* FirstRowViewForMailContent.xib */,
				FAD5C80E1D2612F10027F70D /* FirstRowViewForMailContent.swift */,
				FAD5C8101D2616BA0027F70D /* SecondRowForMailContent.swift */,
				FAD5C8121D2616D90027F70D /* SecondRowForMailContent.xib */,
				000F74871D2775FE00AF5754 /* TutorialView.swift */,
				000F74891D27761E00AF5754 /* TutorialView.xib */,
				000F748D1D279AE200AF5754 /* InboxListItem.swift */,
			);
			path = Views;
			sourceTree = "<group>";
		};
		95E675591D23E14D0035EB17 /* Models */ = {
			isa = PBXGroup;
			children = (
				95E6755A1D23E1540035EB17 /* Constants.swift */,
				95D2ECD41D263FA5006D148C /* Email.swift */,
			);
			path = Models;
			sourceTree = "<group>";
		};
		95F6B9A51D24FEB6003B609D /* Managers */ = {
			isa = PBXGroup;
			children = (
				95F6B9A61D24FECB003B609D /* APIManager.swift */,
				000F74851D27734300AF5754 /* AlertManager.swift */,
			);
			path = Managers;
			sourceTree = "<group>";
		};
/* End PBXGroup section */

/* Begin PBXNativeTarget section */
		95E675221D23DC490035EB17 /* iMail */ = {
			isa = PBXNativeTarget;
			buildConfigurationList = 95E6754B1D23DC490035EB17 /* Build configuration list for PBXNativeTarget "iMail" */;
			buildPhases = (
				95E6751F1D23DC490035EB17 /* Sources */,
				95E675201D23DC490035EB17 /* Frameworks */,
				95E675211D23DC490035EB17 /* Resources */,
				95D2ECD21D263C6A006D148C /* Embed Frameworks */,
			);
			buildRules = (
			);
			dependencies = (
				95D2ECD11D263C6A006D148C /* PBXTargetDependency */,
			);
			name = iMail;
			productName = iMail_CloudmagicTask;
			productReference = 95E675231D23DC490035EB17 /* iMail.app */;
			productType = "com.apple.product-type.application";
		};
		95E675361D23DC490035EB17 /* iMailTests */ = {
			isa = PBXNativeTarget;
			buildConfigurationList = 95E6754E1D23DC490035EB17 /* Build configuration list for PBXNativeTarget "iMailTests" */;
			buildPhases = (
				95E675331D23DC490035EB17 /* Sources */,
				95E675341D23DC490035EB17 /* Frameworks */,
				95E675351D23DC490035EB17 /* Resources */,
			);
			buildRules = (
			);
			dependencies = (
				95E675391D23DC490035EB17 /* PBXTargetDependency */,
			);
			name = iMailTests;
			productName = iMail_CloudmagicTaskTests;
			productReference = 95E675371D23DC490035EB17 /* iMail.xctest */;
			productType = "com.apple.product-type.bundle.unit-test";
		};
		95E675411D23DC490035EB17 /* iMailUITests */ = {
			isa = PBXNativeTarget;
			buildConfigurationList = 95E675511D23DC490035EB17 /* Build configuration list for PBXNativeTarget "iMailUITests" */;
			buildPhases = (
				95E6753E1D23DC490035EB17 /* Sources */,
				95E6753F1D23DC490035EB17 /* Frameworks */,
				95E675401D23DC490035EB17 /* Resources */,
			);
			buildRules = (
			);
			dependencies = (
				95E675441D23DC490035EB17 /* PBXTargetDependency */,
			);
			name = iMailUITests;
			productName = iMail_CloudmagicTaskUITests;
			productReference = 95E675421D23DC490035EB17 /* iMail.xctest */;
			productType = "com.apple.product-type.bundle.ui-testing";
		};
/* End PBXNativeTarget section */

/* Begin PBXProject section */
		95E6751B1D23DC490035EB17 /* Project object */ = {
			isa = PBXProject;
			attributes = {
				LastSwiftUpdateCheck = 0730;
				LastUpgradeCheck = 0730;
				ORGANIZATIONNAME = "Sumit Mukhija";
				TargetAttributes = {
					95E675221D23DC490035EB17 = {
						CreatedOnToolsVersion = 7.3;
					};
					95E675361D23DC490035EB17 = {
						CreatedOnToolsVersion = 7.3;
						TestTargetID = 95E675221D23DC490035EB17;
					};
					95E675411D23DC490035EB17 = {
						CreatedOnToolsVersion = 7.3;
						TestTargetID = 95E675221D23DC490035EB17;
					};
				};
			};
			buildConfigurationList = 95E6751E1D23DC490035EB17 /* Build configuration list for PBXProject "iMail" */;
			compatibilityVersion = "Xcode 3.2";
			developmentRegion = English;
			hasScannedForEncodings = 0;
			knownRegions = (
				en,
				Base,
			);
			mainGroup = 95E6751A1D23DC490035EB17;
			productRefGroup = 95E675241D23DC490035EB17 /* Products */;
			projectDirPath = "";
			projectReferences = (
				{
					ProductGroup = 95D2ECB71D263C61006D148C /* Products */;
					ProjectRef = 95D2ECB61D263C61006D148C /* Alamofire.xcodeproj */;
				},
			);
			projectRoot = "";
			targets = (
				95E675221D23DC490035EB17 /* iMail */,
				95E675361D23DC490035EB17 /* iMailTests */,
				95E675411D23DC490035EB17 /* iMailUITests */,
			);
		};
/* End PBXProject section */

/* Begin PBXReferenceProxy section */
		95D2ECC11D263C61006D148C /* Alamofire.framework */ = {
			isa = PBXReferenceProxy;
			fileType = wrapper.framework;
			path = Alamofire.framework;
			remoteRef = 95D2ECC01D263C61006D148C /* PBXContainerItemProxy */;
			sourceTree = BUILT_PRODUCTS_DIR;
		};
		95D2ECC31D263C61006D148C /* Alamofire iOS Tests.xctest */ = {
			isa = PBXReferenceProxy;
			fileType = wrapper.cfbundle;
			path = "Alamofire iOS Tests.xctest";
			remoteRef = 95D2ECC21D263C61006D148C /* PBXContainerItemProxy */;
			sourceTree = BUILT_PRODUCTS_DIR;
		};
		95D2ECC51D263C61006D148C /* Alamofire.framework */ = {
			isa = PBXReferenceProxy;
			fileType = wrapper.framework;
			path = Alamofire.framework;
			remoteRef = 95D2ECC41D263C61006D148C /* PBXContainerItemProxy */;
			sourceTree = BUILT_PRODUCTS_DIR;
		};
		95D2ECC71D263C61006D148C /* Alamofire OSX Tests.xctest */ = {
			isa = PBXReferenceProxy;
			fileType = wrapper.cfbundle;
			path = "Alamofire OSX Tests.xctest";
			remoteRef = 95D2ECC61D263C61006D148C /* PBXContainerItemProxy */;
			sourceTree = BUILT_PRODUCTS_DIR;
		};
		95D2ECC91D263C61006D148C /* Alamofire.framework */ = {
			isa = PBXReferenceProxy;
			fileType = wrapper.framework;
			path = Alamofire.framework;
			remoteRef = 95D2ECC81D263C61006D148C /* PBXContainerItemProxy */;
			sourceTree = BUILT_PRODUCTS_DIR;
		};
		95D2ECCB1D263C61006D148C /* Alamofire tvOS Tests.xctest */ = {
			isa = PBXReferenceProxy;
			fileType = wrapper.cfbundle;
			path = "Alamofire tvOS Tests.xctest";
			remoteRef = 95D2ECCA1D263C61006D148C /* PBXContainerItemProxy */;
			sourceTree = BUILT_PRODUCTS_DIR;
		};
		95D2ECCD1D263C61006D148C /* Alamofire.framework */ = {
			isa = PBXReferenceProxy;
			fileType = wrapper.framework;
			path = Alamofire.framework;
			remoteRef = 95D2ECCC1D263C61006D148C /* PBXContainerItemProxy */;
			sourceTree = BUILT_PRODUCTS_DIR;
		};
/* End PBXReferenceProxy section */

/* Begin PBXResourcesBuildPhase section */
		95E675211D23DC490035EB17 /* Resources */ = {
			isa = PBXResourcesBuildPhase;
			buildActionMask = 2147483647;
			files = (
				000F748A1D27761E00AF5754 /* TutorialView.xib in Resources */,
				FAD5C80D1D2612DE0027F70D /* FirstRowViewForMailContent.xib in Resources */,
				95E675311D23DC490035EB17 /* LaunchScreen.storyboard in Resources */,
				95E6752E1D23DC490035EB17 /* Assets.xcassets in Resources */,
				FAD5C8131D2616D90027F70D /* SecondRowForMailContent.xib in Resources */,
				95F6B9AB1D25161E003B609D /* LoadingScreen.xib in Resources */,
				95E6752C1D23DC490035EB17 /* Main.storyboard in Resources */,
			);
			runOnlyForDeploymentPostprocessing = 0;
		};
		95E675351D23DC490035EB17 /* Resources */ = {
			isa = PBXResourcesBuildPhase;
			buildActionMask = 2147483647;
			files = (
			);
			runOnlyForDeploymentPostprocessing = 0;
		};
		95E675401D23DC490035EB17 /* Resources */ = {
			isa = PBXResourcesBuildPhase;
			buildActionMask = 2147483647;
			files = (
			);
			runOnlyForDeploymentPostprocessing = 0;
		};
/* End PBXResourcesBuildPhase section */

/* Begin PBXSourcesBuildPhase section */
		95E6751F1D23DC490035EB17 /* Sources */ = {
			isa = PBXSourcesBuildPhase;
			buildActionMask = 2147483647;
			files = (
				FAD5C80F1D2612F10027F70D /* FirstRowViewForMailContent.swift in Sources */,
				FAD5C8111D2616BA0027F70D /* SecondRowForMailContent.swift in Sources */,
				000F74861D27734300AF5754 /* AlertManager.swift in Sources */,
				95E675581D23E0D50035EB17 /* MailContentViewController.swift in Sources */,
				95E6755B1D23E1540035EB17 /* Constants.swift in Sources */,
				000F748E1D279AE200AF5754 /* InboxListItem.swift in Sources */,
				95F6B9A91D2515FF003B609D /* LoadingScreen.swift in Sources */,
				95D2ECD51D263FA5006D148C /* Email.swift in Sources */,
				000F74881D2775FE00AF5754 /* TutorialView.swift in Sources */,
				95F6B9A71D24FECB003B609D /* APIManager.swift in Sources */,
				95E675291D23DC490035EB17 /* InboxListViewController.swift in Sources */,
				000F748C1D279A5B00AF5754 /* SearchResultViewController.swift in Sources */,
				95E675271D23DC490035EB17 /* AppDelegate.swift in Sources */,
			);
			runOnlyForDeploymentPostprocessing = 0;
		};
		95E675331D23DC490035EB17 /* Sources */ = {
			isa = PBXSourcesBuildPhase;
			buildActionMask = 2147483647;
			files = (
				95E6753C1D23DC490035EB17 /* iMail_CloudmagicTaskTests.swift in Sources */,
			);
			runOnlyForDeploymentPostprocessing = 0;
		};
		95E6753E1D23DC490035EB17 /* Sources */ = {
			isa = PBXSourcesBuildPhase;
			buildActionMask = 2147483647;
			files = (
				95E675471D23DC490035EB17 /* iMail_CloudmagicTaskUITests.swift in Sources */,
			);
			runOnlyForDeploymentPostprocessing = 0;
		};
/* End PBXSourcesBuildPhase section */

/* Begin PBXTargetDependency section */
		95D2ECD11D263C6A006D148C /* PBXTargetDependency */ = {
			isa = PBXTargetDependency;
			name = "Alamofire iOS";
			targetProxy = 95D2ECD01D263C6A006D148C /* PBXContainerItemProxy */;
		};
		95E675391D23DC490035EB17 /* PBXTargetDependency */ = {
			isa = PBXTargetDependency;
			target = 95E675221D23DC490035EB17 /* iMail */;
			targetProxy = 95E675381D23DC490035EB17 /* PBXContainerItemProxy */;
		};
		95E675441D23DC490035EB17 /* PBXTargetDependency */ = {
			isa = PBXTargetDependency;
			target = 95E675221D23DC490035EB17 /* iMail */;
			targetProxy = 95E675431D23DC490035EB17 /* PBXContainerItemProxy */;
		};
/* End PBXTargetDependency section */

/* Begin PBXVariantGroup section */
		95E6752A1D23DC490035EB17 /* Main.storyboard */ = {
			isa = PBXVariantGroup;
			children = (
				95E6752B1D23DC490035EB17 /* Base */,
			);
			name = Main.storyboard;
			path = ..;
			sourceTree = "<group>";
		};
		95E6752F1D23DC490035EB17 /* LaunchScreen.storyboard */ = {
			isa = PBXVariantGroup;
			children = (
				95E675301D23DC490035EB17 /* Base */,
			);
			name = LaunchScreen.storyboard;
			path = ..;
			sourceTree = "<group>";
		};
/* End PBXVariantGroup section */

/* Begin XCBuildConfiguration section */
		95E675491D23DC490035EB17 /* Debug */ = {
			isa = XCBuildConfiguration;
			buildSettings = {
				ALWAYS_SEARCH_USER_PATHS = NO;
				CLANG_ANALYZER_NONNULL = YES;
				CLANG_CXX_LANGUAGE_STANDARD = "gnu++0x";
				CLANG_CXX_LIBRARY = "libc++";
				CLANG_ENABLE_MODULES = YES;
				CLANG_ENABLE_OBJC_ARC = YES;
				CLANG_WARN_BOOL_CONVERSION = YES;
				CLANG_WARN_CONSTANT_CONVERSION = YES;
				CLANG_WARN_DIRECT_OBJC_ISA_USAGE = YES_ERROR;
				CLANG_WARN_EMPTY_BODY = YES;
				CLANG_WARN_ENUM_CONVERSION = YES;
				CLANG_WARN_INT_CONVERSION = YES;
				CLANG_WARN_OBJC_ROOT_CLASS = YES_ERROR;
				CLANG_WARN_UNREACHABLE_CODE = YES;
				CLANG_WARN__DUPLICATE_METHOD_MATCH = YES;
				"CODE_SIGN_IDENTITY[sdk=iphoneos*]" = "iPhone Developer";
				COPY_PHASE_STRIP = NO;
				DEBUG_INFORMATION_FORMAT = dwarf;
				ENABLE_STRICT_OBJC_MSGSEND = YES;
				ENABLE_TESTABILITY = YES;
				GCC_C_LANGUAGE_STANDARD = gnu99;
				GCC_DYNAMIC_NO_PIC = NO;
				GCC_NO_COMMON_BLOCKS = YES;
				GCC_OPTIMIZATION_LEVEL = 0;
				GCC_PREPROCESSOR_DEFINITIONS = (
					"DEBUG=1",
					"$(inherited)",
				);
				GCC_WARN_64_TO_32_BIT_CONVERSION = YES;
				GCC_WARN_ABOUT_RETURN_TYPE = YES_ERROR;
				GCC_WARN_UNDECLARED_SELECTOR = YES;
				GCC_WARN_UNINITIALIZED_AUTOS = YES_AGGRESSIVE;
				GCC_WARN_UNUSED_FUNCTION = YES;
				GCC_WARN_UNUSED_VARIABLE = YES;
				IPHONEOS_DEPLOYMENT_TARGET = 9.3;
				MTL_ENABLE_DEBUG_INFO = YES;
				ONLY_ACTIVE_ARCH = YES;
				SDKROOT = iphoneos;
				SWIFT_OPTIMIZATION_LEVEL = "-Onone";
				TARGETED_DEVICE_FAMILY = "1,2";
			};
			name = Debug;
		};
		95E6754A1D23DC490035EB17 /* Release */ = {
			isa = XCBuildConfiguration;
			buildSettings = {
				ALWAYS_SEARCH_USER_PATHS = NO;
				CLANG_ANALYZER_NONNULL = YES;
				CLANG_CXX_LANGUAGE_STANDARD = "gnu++0x";
				CLANG_CXX_LIBRARY = "libc++";
				CLANG_ENABLE_MODULES = YES;
				CLANG_ENABLE_OBJC_ARC = YES;
				CLANG_WARN_BOOL_CONVERSION = YES;
				CLANG_WARN_CONSTANT_CONVERSION = YES;
				CLANG_WARN_DIRECT_OBJC_ISA_USAGE = YES_ERROR;
				CLANG_WARN_EMPTY_BODY = YES;
				CLANG_WARN_ENUM_CONVERSION = YES;
				CLANG_WARN_INT_CONVERSION = YES;
				CLANG_WARN_OBJC_ROOT_CLASS = YES_ERROR;
				CLANG_WARN_UNREACHABLE_CODE = YES;
				CLANG_WARN__DUPLICATE_METHOD_MATCH = YES;
				"CODE_SIGN_IDENTITY[sdk=iphoneos*]" = "iPhone Developer";
				COPY_PHASE_STRIP = NO;
				DEBUG_INFORMATION_FORMAT = "dwarf-with-dsym";
				ENABLE_NS_ASSERTIONS = NO;
				ENABLE_STRICT_OBJC_MSGSEND = YES;
				GCC_C_LANGUAGE_STANDARD = gnu99;
				GCC_NO_COMMON_BLOCKS = YES;
				GCC_WARN_64_TO_32_BIT_CONVERSION = YES;
				GCC_WARN_ABOUT_RETURN_TYPE = YES_ERROR;
				GCC_WARN_UNDECLARED_SELECTOR = YES;
				GCC_WARN_UNINITIALIZED_AUTOS = YES_AGGRESSIVE;
				GCC_WARN_UNUSED_FUNCTION = YES;
				GCC_WARN_UNUSED_VARIABLE = YES;
				IPHONEOS_DEPLOYMENT_TARGET = 9.3;
				MTL_ENABLE_DEBUG_INFO = NO;
				SDKROOT = iphoneos;
				TARGETED_DEVICE_FAMILY = "1,2";
				VALIDATE_PRODUCT = YES;
			};
			name = Release;
		};
		95E6754C1D23DC490035EB17 /* Debug */ = {
			isa = XCBuildConfiguration;
			buildSettings = {
				ASSETCATALOG_COMPILER_APPICON_NAME = AppIcon;
				EMBEDDED_CONTENT_CONTAINS_SWIFT = YES;
				INFOPLIST_FILE = iMail_CloudmagicTask/Info.plist;
				IPHONEOS_DEPLOYMENT_TARGET = 8.0;
				LD_RUNPATH_SEARCH_PATHS = "$(inherited) @executable_path/Frameworks";
				PRODUCT_BUNDLE_IDENTIFIER = "com.gizmodrool.iMail-CloudmagicTask";
				PRODUCT_NAME = iMail;
			};
			name = Debug;
		};
		95E6754D1D23DC490035EB17 /* Release */ = {
			isa = XCBuildConfiguration;
			buildSettings = {
				ASSETCATALOG_COMPILER_APPICON_NAME = AppIcon;
				EMBEDDED_CONTENT_CONTAINS_SWIFT = YES;
				INFOPLIST_FILE = iMail_CloudmagicTask/Info.plist;
				IPHONEOS_DEPLOYMENT_TARGET = 8.0;
				LD_RUNPATH_SEARCH_PATHS = "$(inherited) @executable_path/Frameworks";
				PRODUCT_BUNDLE_IDENTIFIER = "com.gizmodrool.iMail-CloudmagicTask";
				PRODUCT_NAME = iMail;
			};
			name = Release;
		};
		95E6754F1D23DC490035EB17 /* Debug */ = {
			isa = XCBuildConfiguration;
			buildSettings = {
				BUNDLE_LOADER = "$(TEST_HOST)";
				INFOPLIST_FILE = iMail_CloudmagicTaskTests/Info.plist;
				LD_RUNPATH_SEARCH_PATHS = "$(inherited) @executable_path/Frameworks @loader_path/Frameworks";
				PRODUCT_BUNDLE_IDENTIFIER = "com.gizmodrool.iMail-CloudmagicTaskTests";
				PRODUCT_NAME = iMail;
				TEST_HOST = "$(BUILT_PRODUCTS_DIR)/iMail.app/iMail";
			};
			name = Debug;
		};
		95E675501D23DC490035EB17 /* Release */ = {
			isa = XCBuildConfiguration;
			buildSettings = {
				BUNDLE_LOADER = "$(TEST_HOST)";
				INFOPLIST_FILE = iMail_CloudmagicTaskTests/Info.plist;
				LD_RUNPATH_SEARCH_PATHS = "$(inherited) @executable_path/Frameworks @loader_path/Frameworks";
				PRODUCT_BUNDLE_IDENTIFIER = "com.gizmodrool.iMail-CloudmagicTaskTests";
				PRODUCT_NAME = iMail;
				TEST_HOST = "$(BUILT_PRODUCTS_DIR)/iMail.app/iMail";
			};
			name = Release;
		};
		95E675521D23DC490035EB17 /* Debug */ = {
			isa = XCBuildConfiguration;
			buildSettings = {
				INFOPLIST_FILE = iMail_CloudmagicTaskUITests/Info.plist;
				LD_RUNPATH_SEARCH_PATHS = "$(inherited) @executable_path/Frameworks @loader_path/Frameworks";
				PRODUCT_BUNDLE_IDENTIFIER = "com.gizmodrool.iMail-CloudmagicTaskUITests";
				PRODUCT_NAME = iMail;
				TEST_TARGET_NAME = iMail_CloudmagicTask;
			};
			name = Debug;
		};
		95E675531D23DC490035EB17 /* Release */ = {
			isa = XCBuildConfiguration;
			buildSettings = {
				INFOPLIST_FILE = iMail_CloudmagicTaskUITests/Info.plist;
				LD_RUNPATH_SEARCH_PATHS = "$(inherited) @executable_path/Frameworks @loader_path/Frameworks";
				PRODUCT_BUNDLE_IDENTIFIER = "com.gizmodrool.iMail-CloudmagicTaskUITests";
				PRODUCT_NAME = iMail;
				TEST_TARGET_NAME = iMail_CloudmagicTask;
			};
			name = Release;
		};
/* End XCBuildConfiguration section */

/* Begin XCConfigurationList section */
		95E6751E1D23DC490035EB17 /* Build configuration list for PBXProject "iMail" */ = {
			isa = XCConfigurationList;
			buildConfigurations = (
				95E675491D23DC490035EB17 /* Debug */,
				95E6754A1D23DC490035EB17 /* Release */,
			);
			defaultConfigurationIsVisible = 0;
			defaultConfigurationName = Release;
		};
		95E6754B1D23DC490035EB17 /* Build configuration list for PBXNativeTarget "iMail" */ = {
			isa = XCConfigurationList;
			buildConfigurations = (
				95E6754C1D23DC490035EB17 /* Debug */,
				95E6754D1D23DC490035EB17 /* Release */,
			);
			defaultConfigurationIsVisible = 0;
			defaultConfigurationName = Release;
		};
		95E6754E1D23DC490035EB17 /* Build configuration list for PBXNativeTarget "iMailTests" */ = {
			isa = XCConfigurationList;
			buildConfigurations = (
				95E6754F1D23DC490035EB17 /* Debug */,
				95E675501D23DC490035EB17 /* Release */,
			);
			defaultConfigurationIsVisible = 0;
			defaultConfigurationName = Release;
		};
		95E675511D23DC490035EB17 /* Build configuration list for PBXNativeTarget "iMailUITests" */ = {
			isa = XCConfigurationList;
			buildConfigurations = (
				95E675521D23DC490035EB17 /* Debug */,
				95E675531D23DC490035EB17 /* Release */,
			);
			defaultConfigurationIsVisible = 0;
			defaultConfigurationName = Release;
		};
/* End XCConfigurationList section */
	};
	rootObject = 95E6751B1D23DC490035EB17 /* Project object */;
}
